{
  "originHash" : "c87d454285350966af24cc056c5f18304c5d4daad5f4437b702533bcbd2c1895",
  "pins" : [
    {
      "identity" : "essentials",
      "kind" : "remoteSourceControl",
      "location" : "https://gitlab.com/sergiy.vynnychenko/essentials.git",
      "state" : {
        "branch" : "master",
        "revision" : "e2bc9f7ed80aa35472493e61eeb0662b5a1195ed"
      }
    }
  ],
  "version" : 3
}
